
Microsoft Visual Studio Solution File, Format Version 12.00
# Visual Studio 15
VisualStudioVersion = 15.0.28307.102
MinimumVisualStudioVersion = 10.0.40219.1
Project("{FAE04EC0-301F-11D3-BF4B-00C04F79EFBC}") = "SafeArrival.AdminTools.Presentation", "SafeArrival.AdminTools.Presentation\SafeArrival.AdminTools.Presentation.csproj", "{0C57356D-5A50-4A0E-A656-66C3821C3EB5}"
EndProject
Project("{FAE04EC0-301F-11D3-BF4B-00C04F79EFBC}") = "SafeArrival.AdminTools.AwsUtilities", "SafeArrival.AdminTools.AwsUtilities\SafeArrival.AdminTools.AwsUtilities.csproj", "{190A1BDD-EBC5-49EF-99BE-EF3F3A163185}"
EndProject
Project("{FAE04EC0-301F-11D3-BF4B-00C04F79EFBC}") = "SafeArrival.AdminTools.Model", "SafeArrival.AdminTools.Model\SafeArrival.AdminTools.Model.csproj", "{DFA4E32F-9A65-4918-93C7-B821C2D6571E}"
EndProject
Project("{FAE04EC0-301F-11D3-BF4B-00C04F79EFBC}") = "SafeArrival.AdminTools.BLL", "SafeArrival.AdminTools.BLL\SafeArrival.AdminTools.BLL.csproj", "{6CE0D60D-6511-4171-972E-B290DFC1028A}"
EndProject
Project("{FAE04EC0-301F-11D3-BF4B-00C04F79EFBC}") = "SafeArrival.AdminTools.DAL", "SafeArrival.AdminTools.DAL\SafeArrival.AdminTools.DAL.csproj", "{53A26C56-1DFF-43D2-8719-6823CCD56475}"
EndProject
Global
	GlobalSection(SolutionConfigurationPlatforms) = preSolution
		Debug|Any CPU = Debug|Any CPU
		Debug|x86 = Debug|x86
		Release|Any CPU = Release|Any CPU
		Release|x86 = Release|x86
	EndGlobalSection
	GlobalSection(ProjectConfigurationPlatforms) = postSolution
		{0C57356D-5A50-4A0E-A656-66C3821C3EB5}.Debug|Any CPU.ActiveCfg = Debug|Any CPU
		{0C57356D-5A50-4A0E-A656-66C3821C3EB5}.Debug|Any CPU.Build.0 = Debug|Any CPU
		{0C57356D-5A50-4A0E-A656-66C3821C3EB5}.Debug|x86.ActiveCfg = Debug|Any CPU
		{0C57356D-5A50-4A0E-A656-66C3821C3EB5}.Debug|x86.Build.0 = Debug|Any CPU
		{0C57356D-5A50-4A0E-A656-66C3821C3EB5}.Release|Any CPU.ActiveCfg = Release|Any CPU
		{0C57356D-5A50-4A0E-A656-66C3821C3EB5}.Release|Any CPU.Build.0 = Release|Any CPU
		{0C57356D-5A50-4A0E-A656-66C3821C3EB5}.Release|x86.ActiveCfg = Release|Any CPU
		{0C57356D-5A50-4A0E-A656-66C3821C3EB5}.Release|x86.Build.0 = Release|Any CPU
		{190A1BDD-EBC5-49EF-99BE-EF3F3A163185}.Debug|Any CPU.ActiveCfg = Debug|Any CPU
		{190A1BDD-EBC5-49EF-99BE-EF3F3A163185}.Debug|Any CPU.Build.0 = Debug|Any CPU
		{190A1BDD-EBC5-49EF-99BE-EF3F3A163185}.Debug|x86.ActiveCfg = Debug|Any CPU
		{190A1BDD-EBC5-49EF-99BE-EF3F3A163185}.Debug|x86.Build.0 = Debug|Any CPU
		{190A1BDD-EBC5-49EF-99BE-EF3F3A163185}.Release|Any CPU.ActiveCfg = Release|Any CPU
		{190A1BDD-EBC5-49EF-99BE-EF3F3A163185}.Release|Any CPU.Build.0 = Release|Any CPU
		{190A1BDD-EBC5-49EF-99BE-EF3F3A163185}.Release|x86.ActiveCfg = Release|Any CPU
		{190A1BDD-EBC5-49EF-99BE-EF3F3A163185}.Release|x86.Build.0 = Release|Any CPU
		{DFA4E32F-9A65-4918-93C7-B821C2D6571E}.Debug|Any CPU.ActiveCfg = Debug|Any CPU
		{DFA4E32F-9A65-4918-93C7-B821C2D6571E}.Debug|Any CPU.Build.0 = Debug|Any CPU
		{DFA4E32F-9A65-4918-93C7-B821C2D6571E}.Debug|x86.ActiveCfg = Debug|Any CPU
		{DFA4E32F-9A65-4918-93C7-B821C2D6571E}.Debug|x86.Build.0 = Debug|Any CPU
		{DFA4E32F-9A65-4918-93C7-B821C2D6571E}.Release|Any CPU.ActiveCfg = Release|Any CPU
		{DFA4E32F-9A65-4918-93C7-B821C2D6571E}.Release|Any CPU.Build.0 = Release|Any CPU
		{DFA4E32F-9A65-4918-93C7-B821C2D6571E}.Release|x86.ActiveCfg = Release|Any CPU
		{DFA4E32F-9A65-4918-93C7-B821C2D6571E}.Release|x86.Build.0 = Release|Any CPU
		{6CE0D60D-6511-4171-972E-B290DFC1028A}.Debug|Any CPU.ActiveCfg = Debug|Any CPU
		{6CE0D60D-6511-4171-972E-B290DFC1028A}.Debug|Any CPU.Build.0 = Debug|Any CPU
		{6CE0D60D-6511-4171-972E-B290DFC1028A}.Debug|x86.ActiveCfg = Debug|Any CPU
		{6CE0D60D-6511-4171-972E-B290DFC1028A}.Debug|x86.Build.0 = Debug|Any CPU
		{6CE0D60D-6511-4171-972E-B290DFC1028A}.Release|Any CPU.ActiveCfg = Release|Any CPU
		{6CE0D60D-6511-4171-972E-B290DFC1028A}.Release|Any CPU.Build.0 = Release|Any CPU
		{6CE0D60D-6511-4171-972E-B290DFC1028A}.Release|x86.ActiveCfg = Release|Any CPU
		{6CE0D60D-6511-4171-972E-B290DFC1028A}.Release|x86.Build.0 = Release|Any CPU
		{53A26C56-1DFF-43D2-8719-6823CCD56475}.Debug|Any CPU.ActiveCfg = Debug|Any CPU
		{53A26C56-1DFF-43D2-8719-6823CCD56475}.Debug|Any CPU.Build.0 = Debug|Any CPU
		{53A26C56-1DFF-43D2-8719-6823CCD56475}.Debug|x86.ActiveCfg = Debug|Any CPU
		{53A26C56-1DFF-43D2-8719-6823CCD56475}.Debug|x86.Build.0 = Debug|Any CPU
		{53A26C56-1DFF-43D2-8719-6823CCD56475}.Release|Any CPU.ActiveCfg = Release|Any CPU
		{53A26C56-1DFF-43D2-8719-6823CCD56475}.Release|Any CPU.Build.0 = Release|Any CPU
		{53A26C56-1DFF-43D2-8719-6823CCD56475}.Release|x86.ActiveCfg = Release|Any CPU
		{53A26C56-1DFF-43D2-8719-6823CCD56475}.Release|x86.Build.0 = Release|Any CPU
	EndGlobalSection
	GlobalSection(SolutionProperties) = preSolution
		HideSolutionNode = FALSE
	EndGlobalSection
	GlobalSection(ExtensibilityGlobals) = postSolution
		SolutionGuid = {11718FD3-0FB5-4A6C-8616-A618ACE6938D}
	EndGlobalSection
EndGlobal
